version = 1
revision = 2
requires-python = ">=3.11"
resolution-markers = [
    "sys_platform == 'darwin' or sys_platform == 'linux'",
]
supported-markers = [
    "sys_platform == 'darwin' or sys_platform == 'linux'",
]

[[package]]
name = "black"
version = "25.1.0"
source = { registry = "https://pypi.devinfra.sentry.io/simple" }
dependencies = [
    { name = "click", marker = "sys_platform == 'darwin' or sys_platform == 'linux'" },
    { name = "mypy-extensions", marker = "sys_platform == 'darwin' or sys_platform == 'linux'" },
    { name = "packaging", marker = "sys_platform == 'darwin' or sys_platform == 'linux'" },
    { name = "pathspec", marker = "sys_platform == 'darwin' or sys_platform == 'linux'" },
    { name = "platformdirs", marker = "sys_platform == 'darwin' or sys_platform == 'linux'" },
]
wheels = [
    { url = "https://pypi.devinfra.sentry.io/wheels/black-25.1.0-cp311-cp311-macosx_10_9_x86_64.whl", hash = "sha256:a39337598244de4bae26475f77dda852ea00a93bd4c728e09eacd827ec929df0" },
    { url = "https://pypi.devinfra.sentry.io/wheels/black-25.1.0-cp311-cp311-macosx_11_0_arm64.whl", hash = "sha256:96c1c7cd856bba8e20094e36e0f948718dc688dba4a9d78c3adde52b9e6c2299" },
    { url = "https://pypi.devinfra.sentry.io/wheels/black-25.1.0-cp311-cp311-manylinux_2_17_x86_64.manylinux2014_x86_64.manylinux_2_28_x86_64.whl", hash = "sha256:bce2e264d59c91e52d8000d507eb20a9aca4a778731a08cfff7e5ac4a4bb7096" },
    { url = "https://pypi.devinfra.sentry.io/wheels/black-25.1.0-cp312-cp312-macosx_10_13_x86_64.whl", hash = "sha256:4b60580e829091e6f9238c848ea6750efed72140b91b048770b64e74fe04908b" },
    { url = "https://pypi.devinfra.sentry.io/wheels/black-25.1.0-cp312-cp312-macosx_11_0_arm64.whl", hash = "sha256:1e2978f6df243b155ef5fa7e558a43037c3079093ed5d10fd84c43900f2d8ecc" },
    { url = "https://pypi.devinfra.sentry.io/wheels/black-25.1.0-cp312-cp312-manylinux_2_17_x86_64.manylinux2014_x86_64.manylinux_2_28_x86_64.whl", hash = "sha256:3b48735872ec535027d979e8dcb20bf4f70b5ac75a8ea99f127c106a7d7aba9f" },
    { url = "https://pypi.devinfra.sentry.io/wheels/black-25.1.0-cp313-cp313-macosx_10_13_x86_64.whl", hash = "sha256:8f0b18a02996a836cc9c9c78e5babec10930862827b1b724ddfe98ccf2f2fe4f" },
    { url = "https://pypi.devinfra.sentry.io/wheels/black-25.1.0-cp313-cp313-macosx_11_0_arm64.whl", hash = "sha256:afebb7098bfbc70037a053b91ae8437c3857482d3a690fefc03e9ff7aa9a5fd3" },
    { url = "https://pypi.devinfra.sentry.io/wheels/black-25.1.0-cp313-cp313-manylinux_2_17_x86_64.manylinux2014_x86_64.manylinux_2_28_x86_64.whl", hash = "sha256:030b9759066a4ee5e5aca28c3c77f9c64789cdd4de8ac1df642c40b708be6171" },
    { url = "https://pypi.devinfra.sentry.io/wheels/black-25.1.0-py3-none-any.whl", hash = "sha256:95e8176dae143ba9097f351d174fdaf0ccd29efb414b362ae3fd72bf0f710717" },
]

[[package]]
name = "certifi"
version = "2025.7.14"
source = { registry = "https://pypi.devinfra.sentry.io/simple" }
wheels = [
    { url = "https://pypi.devinfra.sentry.io/wheels/certifi-2025.7.14-py3-none-any.whl", hash = "sha256:6b31f564a415d79ee77df69d757bb49a5bb53bd9f756cbbe24394ffd6fc1f4b2" },
]

[[package]]
name = "cfgv"
version = "3.4.0"
source = { registry = "https://pypi.devinfra.sentry.io/simple" }
wheels = [
    { url = "https://pypi.devinfra.sentry.io/wheels/cfgv-3.4.0-py2.py3-none-any.whl", hash = "sha256:b7265b1f29fd3316bfcd2b330d63d024f2bfd8bcb8b0272f8e19a504856c48f9" },
]

[[package]]
name = "click"
version = "8.2.1"
source = { registry = "https://pypi.devinfra.sentry.io/simple" }
wheels = [
    { url = "https://pypi.devinfra.sentry.io/wheels/click-8.2.1-py3-none-any.whl", hash = "sha256:61a3265b914e850b85317d0b3109c7f8cd35a670f963866005d6ef1d5175a12b" },
]

[[package]]
name = "confluent-kafka"
version = "2.8.0"
source = { registry = "https://pypi.devinfra.sentry.io/simple" }
wheels = [
    { url = "https://pypi.devinfra.sentry.io/wheels/confluent_kafka-2.8.0-cp311-cp311-macosx_10_9_x86_64.whl", hash = "sha256:5de7ab587ecdc153a029d992e7d470fc68ab943e38931b18fc4a01074afd5c5c" },
    { url = "https://pypi.devinfra.sentry.io/wheels/confluent_kafka-2.8.0-cp311-cp311-macosx_11_0_arm64.whl", hash = "sha256:52a87d1a73ad91d4f81e35a8e6e961a5ad0c49ecdb198e47bd106262e968253e" },
    { url = "https://pypi.devinfra.sentry.io/wheels/confluent_kafka-2.8.0-cp311-cp311-manylinux_2_28_aarch64.whl", hash = "sha256:f03b12d009cfb16649b0e51c06514312d5cbbbe9b06e71cf4ad781b378f8b79f" },
    { url = "https://pypi.devinfra.sentry.io/wheels/confluent_kafka-2.8.0-cp311-cp311-manylinux_2_28_x86_64.whl", hash = "sha256:1a01feeac7f27bff079ad1a29f1cf1b149235a975d67d7de20c1935f44b14293" },
    { url = "https://pypi.devinfra.sentry.io/wheels/confluent_kafka-2.8.0-cp312-cp312-macosx_10_9_x86_64.whl", hash = "sha256:80bf43c098df04008dd6a517a9f745b67885af9c35c09d220f4d19661ae4d647" },
    { url = "https://pypi.devinfra.sentry.io/wheels/confluent_kafka-2.8.0-cp312-cp312-macosx_11_0_arm64.whl", hash = "sha256:3f5e5b18c7acf50777545e817e563b0fa9c74badbabf30474665c03ae8ddcc23" },
    { url = "https://pypi.devinfra.sentry.io/wheels/confluent_kafka-2.8.0-cp312-cp312-manylinux_2_28_aarch64.whl", hash = "sha256:c540935d89acf1bc173fddd0b9b978ece348345f5a0fccf549ea8663cfa5152c" },
    { url = "https://pypi.devinfra.sentry.io/wheels/confluent_kafka-2.8.0-cp312-cp312-manylinux_2_28_x86_64.whl", hash = "sha256:79ae80fd9aa0d71689d7189591faf00354907b728c172f4f97a6d23797972025" },
    { url = "https://pypi.devinfra.sentry.io/wheels/confluent_kafka-2.8.0-cp313-cp313-macosx_13_0_arm64.whl", hash = "sha256:dd3bc67d589dd486d128a159e918ecf3765f8154474edf9f6f701f701de735a1" },
    { url = "https://pypi.devinfra.sentry.io/wheels/confluent_kafka-2.8.0-cp313-cp313-macosx_13_0_x86_64.whl", hash = "sha256:4c0e655df9faef450654700db3fda163ddbc4b68f5bf5c7633cf1bf9d932d892" },
    { url = "https://pypi.devinfra.sentry.io/wheels/confluent_kafka-2.8.0-cp313-cp313-manylinux_2_28_aarch64.whl", hash = "sha256:abff7c4853e2d118563229329ca0a1f148ee5004cbcb9a8dad9dc8e796fcc477" },
    { url = "https://pypi.devinfra.sentry.io/wheels/confluent_kafka-2.8.0-cp313-cp313-manylinux_2_28_x86_64.whl", hash = "sha256:e75230b51456de5cfaefe94c35f3de5101864d8c21518f114d5cd9dd1d7d43b1" },
]

[[package]]
name = "devservices"
version = "1.2.1"
source = { registry = "https://pypi.devinfra.sentry.io/simple" }
dependencies = [
    { name = "packaging", marker = "sys_platform == 'darwin' or sys_platform == 'linux'" },
    { name = "pyyaml", marker = "sys_platform == 'darwin' or sys_platform == 'linux'" },
    { name = "sentry-devenv", marker = "sys_platform == 'darwin' or sys_platform == 'linux'" },
    { name = "sentry-sdk", marker = "sys_platform == 'darwin' or sys_platform == 'linux'" },
    { name = "supervisor", marker = "sys_platform == 'darwin' or sys_platform == 'linux'" },
]
wheels = [
    { url = "https://pypi.devinfra.sentry.io/wheels/devservices-1.2.1-py3-none-any.whl", hash = "sha256:7c76ab711550cd1f42bd99b12edfcbdb1792fb7df0b7fec51eb13a2e2ff5df1b" },
]

[[package]]
name = "distlib"
version = "0.3.9"
source = { registry = "https://pypi.devinfra.sentry.io/simple" }
wheels = [
    { url = "https://pypi.devinfra.sentry.io/wheels/distlib-0.3.9-py2.py3-none-any.whl", hash = "sha256:47f8c22fd27c27e25a65601af709b38e4f0a45ea4fc2e710f65755fa8caaaf87" },
]

[[package]]
name = "filelock"
version = "3.18.0"
source = { registry = "https://pypi.devinfra.sentry.io/simple" }
wheels = [
    { url = "https://pypi.devinfra.sentry.io/wheels/filelock-3.18.0-py3-none-any.whl", hash = "sha256:c401f4f8377c4464e6db25fff06205fd89bdd83b65eb0488ed1b160f780e21de" },
]

[[package]]
name = "flake8"
version = "7.3.0"
source = { registry = "https://pypi.devinfra.sentry.io/simple" }
dependencies = [
    { name = "mccabe", marker = "sys_platform == 'darwin' or sys_platform == 'linux'" },
    { name = "pycodestyle", marker = "sys_platform == 'darwin' or sys_platform == 'linux'" },
    { name = "pyflakes", marker = "sys_platform == 'darwin' or sys_platform == 'linux'" },
]
wheels = [
    { url = "https://pypi.devinfra.sentry.io/wheels/flake8-7.3.0-py2.py3-none-any.whl", hash = "sha256:b9696257b9ce8beb888cdbe31cf885c90d31928fe202be0889a7cdafad32f01e" },
]

[[package]]
name = "identify"
version = "2.6.9"
source = { registry = "https://pypi.devinfra.sentry.io/simple" }
wheels = [
    { url = "https://pypi.devinfra.sentry.io/wheels/identify-2.6.9-py2.py3-none-any.whl", hash = "sha256:c98b4322da415a8e5a70ff6e51fbc2d2932c015532d77e9f8537b4ba7813b150" },
]

[[package]]
name = "iniconfig"
version = "2.0.0"
source = { registry = "https://pypi.devinfra.sentry.io/simple" }
wheels = [
    { url = "https://pypi.devinfra.sentry.io/wheels/iniconfig-2.0.0-py3-none-any.whl", hash = "sha256:b6a85871a79d2e3b22d2d1b94ac2824226a63c6b741c88f7ae975f18b6778374" },
]

[[package]]
name = "isort"
version = "5.13.2"
source = { registry = "https://pypi.devinfra.sentry.io/simple" }
wheels = [
    { url = "https://pypi.devinfra.sentry.io/wheels/isort-5.13.2-py3-none-any.whl", hash = "sha256:8ca5e72a8d85860d5a3fa69b8745237f2939afe12dbf656afbcb47fe72d947a6" },
]

[[package]]
name = "mccabe"
version = "0.7.0"
source = { registry = "https://pypi.devinfra.sentry.io/simple" }
wheels = [
    { url = "https://pypi.devinfra.sentry.io/wheels/mccabe-0.7.0-py2.py3-none-any.whl", hash = "sha256:6c2d30ab6be0e4a46919781807b4f0d834ebdd6c6e3dca0bda5a15f863427b6e" },
]

[[package]]
name = "mypy"
version = "1.17.1"
source = { registry = "https://pypi.devinfra.sentry.io/simple" }
dependencies = [
    { name = "mypy-extensions", marker = "sys_platform == 'darwin' or sys_platform == 'linux'" },
    { name = "pathspec", marker = "sys_platform == 'darwin' or sys_platform == 'linux'" },
    { name = "typing-extensions", marker = "sys_platform == 'darwin' or sys_platform == 'linux'" },
]
wheels = [
    { url = "https://pypi.devinfra.sentry.io/wheels/mypy-1.17.1-cp311-cp311-macosx_10_9_x86_64.whl", hash = "sha256:ad37544be07c5d7fba814eb370e006df58fed8ad1ef33ed1649cb1889ba6ff58" },
    { url = "https://pypi.devinfra.sentry.io/wheels/mypy-1.17.1-cp311-cp311-macosx_11_0_arm64.whl", hash = "sha256:064e2ff508e5464b4bd807a7c1625bc5047c5022b85c70f030680e18f37273a5" },
    { url = "https://pypi.devinfra.sentry.io/wheels/mypy-1.17.1-cp311-cp311-manylinux2014_aarch64.manylinux_2_17_aarch64.manylinux_2_28_aarch64.whl", hash = "sha256:70401bbabd2fa1aa7c43bb358f54037baf0586f41e83b0ae67dd0534fc64edfd" },
    { url = "https://pypi.devinfra.sentry.io/wheels/mypy-1.17.1-cp311-cp311-manylinux2014_x86_64.manylinux_2_17_x86_64.manylinux_2_28_x86_64.whl", hash = "sha256:e92bdc656b7757c438660f775f872a669b8ff374edc4d18277d86b63edba6b8b" },
    { url = "https://pypi.devinfra.sentry.io/wheels/mypy-1.17.1-cp312-cp312-macosx_10_13_x86_64.whl", hash = "sha256:69e83ea6553a3ba79c08c6e15dbd9bfa912ec1e493bf75489ef93beb65209aeb" },
    { url = "https://pypi.devinfra.sentry.io/wheels/mypy-1.17.1-cp312-cp312-macosx_11_0_arm64.whl", hash = "sha256:1b16708a66d38abb1e6b5702f5c2c87e133289da36f6a1d15f6a5221085c6403" },
    { url = "https://pypi.devinfra.sentry.io/wheels/mypy-1.17.1-cp312-cp312-manylinux2014_aarch64.manylinux_2_17_aarch64.manylinux_2_28_aarch64.whl", hash = "sha256:89e972c0035e9e05823907ad5398c5a73b9f47a002b22359b177d40bdaee7056" },
    { url = "https://pypi.devinfra.sentry.io/wheels/mypy-1.17.1-cp312-cp312-manylinux2014_x86_64.manylinux_2_17_x86_64.manylinux_2_28_x86_64.whl", hash = "sha256:03b6d0ed2b188e35ee6d5c36b5580cffd6da23319991c49ab5556c023ccf1341" },
    { url = "https://pypi.devinfra.sentry.io/wheels/mypy-1.17.1-cp313-cp313-macosx_10_13_x86_64.whl", hash = "sha256:93378d3203a5c0800c6b6d850ad2f19f7a3cdf1a3701d3416dbf128805c6a6a7" },
    { url = "https://pypi.devinfra.sentry.io/wheels/mypy-1.17.1-cp313-cp313-macosx_11_0_arm64.whl", hash = "sha256:15d54056f7fe7a826d897789f53dd6377ec2ea8ba6f776dc83c2902b899fee81" },
    { url = "https://pypi.devinfra.sentry.io/wheels/mypy-1.17.1-cp313-cp313-manylinux2014_aarch64.manylinux_2_17_aarch64.manylinux_2_28_aarch64.whl", hash = "sha256:209a58fed9987eccc20f2ca94afe7257a8f46eb5df1fb69958650973230f91e6" },
    { url = "https://pypi.devinfra.sentry.io/wheels/mypy-1.17.1-cp313-cp313-manylinux2014_x86_64.manylinux_2_17_x86_64.manylinux_2_28_x86_64.whl", hash = "sha256:099b9a5da47de9e2cb5165e581f158e854d9e19d2e96b6698c0d64de911dd849" },
]

[[package]]
name = "mypy-extensions"
version = "1.1.0"
source = { registry = "https://pypi.devinfra.sentry.io/simple" }
wheels = [
    { url = "https://pypi.devinfra.sentry.io/wheels/mypy_extensions-1.1.0-py3-none-any.whl", hash = "sha256:1be4cccdb0f2482337c4743e60421de3a356cd97508abadd57d47403e94f5505" },
]

[[package]]
name = "nodeenv"
version = "1.9.1"
source = { registry = "https://pypi.devinfra.sentry.io/simple" }
wheels = [
    { url = "https://pypi.devinfra.sentry.io/wheels/nodeenv-1.9.1-py2.py3-none-any.whl", hash = "sha256:ba11c9782d29c27c70ffbdda2d7415098754709be8a7056d79a737cd901155c9" },
]

[[package]]
name = "packaging"
version = "25.0"
source = { registry = "https://pypi.devinfra.sentry.io/simple" }
wheels = [
    { url = "https://pypi.devinfra.sentry.io/wheels/packaging-25.0-py3-none-any.whl", hash = "sha256:29572ef2b1f17581046b3a2227d5c611fb25ec70ca1ba8554b24b0e69331a484" },
]

[[package]]
name = "pathspec"
version = "0.12.1"
source = { registry = "https://pypi.devinfra.sentry.io/simple" }
wheels = [
    { url = "https://pypi.devinfra.sentry.io/wheels/pathspec-0.12.1-py3-none-any.whl", hash = "sha256:a0d503e138a4c123b27490a4f7beda6a01c6f288df0e4a8b79c7eb0dc7b4cc08" },
]

[[package]]
name = "platformdirs"
version = "4.3.7"
source = { registry = "https://pypi.devinfra.sentry.io/simple" }
wheels = [
    { url = "https://pypi.devinfra.sentry.io/wheels/platformdirs-4.3.7-py3-none-any.whl", hash = "sha256:a03875334331946f13c549dbd8f4bac7a13a50a895a0eb1e8c6a8ace80d40a94" },
]

[[package]]
name = "pluggy"
version = "1.5.0"
source = { registry = "https://pypi.devinfra.sentry.io/simple" }
wheels = [
    { url = "https://pypi.devinfra.sentry.io/wheels/pluggy-1.5.0-py3-none-any.whl", hash = "sha256:44e1ad92c8ca002de6377e165f3e0f1be63266ab4d554740532335b9d75ea669" },
]

[[package]]
name = "pre-commit"
version = "4.2.0"
source = { registry = "https://pypi.devinfra.sentry.io/simple" }
dependencies = [
    { name = "cfgv", marker = "sys_platform == 'darwin' or sys_platform == 'linux'" },
    { name = "identify", marker = "sys_platform == 'darwin' or sys_platform == 'linux'" },
    { name = "nodeenv", marker = "sys_platform == 'darwin' or sys_platform == 'linux'" },
    { name = "pyyaml", marker = "sys_platform == 'darwin' or sys_platform == 'linux'" },
    { name = "virtualenv", marker = "sys_platform == 'darwin' or sys_platform == 'linux'" },
]
wheels = [
    { url = "https://pypi.devinfra.sentry.io/wheels/pre_commit-4.2.0-py2.py3-none-any.whl", hash = "sha256:a009ca7205f1eb497d10b845e52c838a98b6cdd2102a6c8e4540e94ee75c58bd" },
]

[[package]]
name = "pycodestyle"
version = "2.14.0"
source = { registry = "https://pypi.devinfra.sentry.io/simple" }
wheels = [
    { url = "https://pypi.devinfra.sentry.io/wheels/pycodestyle-2.14.0-py2.py3-none-any.whl", hash = "sha256:dd6bf7cb4ee77f8e016f9c8e74a35ddd9f67e1d5fd4184d86c3b98e07099f42d" },
]

[[package]]
name = "pyflakes"
version = "3.4.0"
source = { registry = "https://pypi.devinfra.sentry.io/simple" }
wheels = [
    { url = "https://pypi.devinfra.sentry.io/wheels/pyflakes-3.4.0-py2.py3-none-any.whl", hash = "sha256:f742a7dbd0d9cb9ea41e9a24a918996e8170c799fa528688d40dd582c8265f4f" },
]

[[package]]
name = "pytest"
version = "8.3.3"
source = { registry = "https://pypi.devinfra.sentry.io/simple" }
dependencies = [
    { name = "iniconfig", marker = "sys_platform == 'darwin' or sys_platform == 'linux'" },
    { name = "packaging", marker = "sys_platform == 'darwin' or sys_platform == 'linux'" },
    { name = "pluggy", marker = "sys_platform == 'darwin' or sys_platform == 'linux'" },
]
wheels = [
    { url = "https://pypi.devinfra.sentry.io/wheels/pytest-8.3.3-py3-none-any.whl", hash = "sha256:a6853c7375b2663155079443d2e45de913a911a11d669df02a50814944db57b2" },
]

[[package]]
name = "pyyaml"
version = "6.0.2"
source = { registry = "https://pypi.devinfra.sentry.io/simple" }
wheels = [
    { url = "https://pypi.devinfra.sentry.io/wheels/PyYAML-6.0.2-cp311-cp311-macosx_10_9_x86_64.whl", hash = "sha256:cc1c1159b3d456576af7a3e4d1ba7e6924cb39de8f67111c735f6fc832082774" },
    { url = "https://pypi.devinfra.sentry.io/wheels/PyYAML-6.0.2-cp311-cp311-macosx_11_0_arm64.whl", hash = "sha256:1e2120ef853f59c7419231f3bf4e7021f1b936f6ebd222406c3b60212205d2ee" },
    { url = "https://pypi.devinfra.sentry.io/wheels/PyYAML-6.0.2-cp311-cp311-manylinux_2_17_aarch64.manylinux2014_aarch64.whl", hash = "sha256:5d225db5a45f21e78dd9358e58a98702a0302f2659a3c6cd320564b75b86f47c" },
    { url = "https://pypi.devinfra.sentry.io/wheels/PyYAML-6.0.2-cp311-cp311-manylinux_2_17_x86_64.manylinux2014_x86_64.whl", hash = "sha256:3ad2a3decf9aaba3d29c8f537ac4b243e36bef957511b4766cb0057d32b0be85" },
    { url = "https://pypi.devinfra.sentry.io/wheels/PyYAML-6.0.2-cp312-cp312-macosx_10_9_x86_64.whl", hash = "sha256:c70c95198c015b85feafc136515252a261a84561b7b1d51e3384e0655ddf25ab" },
    { url = "https://pypi.devinfra.sentry.io/wheels/PyYAML-6.0.2-cp312-cp312-macosx_11_0_arm64.whl", hash = "sha256:ce826d6ef20b1bc864f0a68340c8b3287705cae2f8b4b1d932177dcc76721725" },
    { url = "https://pypi.devinfra.sentry.io/wheels/PyYAML-6.0.2-cp312-cp312-manylinux_2_17_aarch64.manylinux2014_aarch64.whl", hash = "sha256:1f71ea527786de97d1a0cc0eacd1defc0985dcf6b3f17bb77dcfc8c34bec4dc5" },
    { url = "https://pypi.devinfra.sentry.io/wheels/PyYAML-6.0.2-cp312-cp312-manylinux_2_17_x86_64.manylinux2014_x86_64.whl", hash = "sha256:80bab7bfc629882493af4aa31a4cfa43a4c57c83813253626916b8c7ada83476" },
    { url = "https://pypi.devinfra.sentry.io/wheels/PyYAML-6.0.2-cp313-cp313-macosx_10_13_x86_64.whl", hash = "sha256:efdca5630322a10774e8e98e1af481aad470dd62c3170801852d752aa7a783ba" },
    { url = "https://pypi.devinfra.sentry.io/wheels/PyYAML-6.0.2-cp313-cp313-macosx_11_0_arm64.whl", hash = "sha256:50187695423ffe49e2deacb8cd10510bc361faac997de9efef88badc3bb9e2d1" },
    { url = "https://pypi.devinfra.sentry.io/wheels/PyYAML-6.0.2-cp313-cp313-manylinux_2_17_aarch64.manylinux2014_aarch64.whl", hash = "sha256:0ffe8360bab4910ef1b9e87fb812d8bc0a308b0d0eef8c8f44e0254ab3b07133" },
    { url = "https://pypi.devinfra.sentry.io/wheels/PyYAML-6.0.2-cp313-cp313-manylinux_2_17_x86_64.manylinux2014_x86_64.whl", hash = "sha256:70b189594dbe54f75ab3a1acec5f1e3faa7e8cf2f1e08d9b561cb41b845f69d5" },
]

[[package]]
name = "sentry-devenv"
version = "1.22.2"
source = { registry = "https://pypi.devinfra.sentry.io/simple" }
dependencies = [
    { name = "sentry-sdk", marker = "sys_platform == 'darwin' or sys_platform == 'linux'" },
    { name = "typing-extensions", marker = "sys_platform == 'darwin' or sys_platform == 'linux'" },
]
wheels = [
    { url = "https://pypi.devinfra.sentry.io/wheels/sentry_devenv-1.22.2-py3-none-any.whl", hash = "sha256:0ecd7c5793ee44a6fe401991589fae2a53e7d4dd0506d031994a00fe82e22390" },
]

[[package]]
name = "sentry-kafka-management"
version = "0.1.5"
source = { editable = "." }
dependencies = [
    { name = "click", marker = "sys_platform == 'darwin' or sys_platform == 'linux'" },
    { name = "confluent-kafka", marker = "sys_platform == 'darwin' or sys_platform == 'linux'" },
    { name = "pyyaml", marker = "sys_platform == 'darwin' or sys_platform == 'linux'" },
]

[package.dev-dependencies]
dev = [
    { name = "black", marker = "sys_platform == 'darwin' or sys_platform == 'linux'" },
    { name = "devservices", marker = "sys_platform == 'darwin' or sys_platform == 'linux'" },
    { name = "flake8", marker = "sys_platform == 'darwin' or sys_platform == 'linux'" },
    { name = "isort", marker = "sys_platform == 'darwin' or sys_platform == 'linux'" },
    { name = "mypy", marker = "sys_platform == 'darwin' or sys_platform == 'linux'" },
    { name = "pre-commit", marker = "sys_platform == 'darwin' or sys_platform == 'linux'" },
    { name = "pytest", marker = "sys_platform == 'darwin' or sys_platform == 'linux'" },
    { name = "sentry-devenv", marker = "sys_platform == 'darwin' or sys_platform == 'linux'" },
    { name = "types-pyyaml", marker = "sys_platform == 'darwin' or sys_platform == 'linux'" },
]

[package.metadata]
requires-dist = [
    { name = "click", specifier = ">=8.0.0" },
    { name = "confluent-kafka", specifier = ">=2.8.0" },
    { name = "pyyaml" },
]

[package.metadata.requires-dev]
dev = [
    { name = "black", specifier = ">=24.10.0" },
    { name = "devservices", specifier = ">=1.2.1" },
    { name = "flake8", specifier = ">=7.1.1" },
    { name = "isort", specifier = ">=5.13.0" },
    { name = "mypy", specifier = ">=1.17.1" },
    { name = "pre-commit", specifier = ">=4.1.0" },
    { name = "pytest", specifier = ">=8.1.2" },
    { name = "sentry-devenv", specifier = ">=1.22.2" },
    { name = "types-pyyaml" },
]

[[package]]
name = "sentry-sdk"
version = "2.35.0"
source = { registry = "https://pypi.devinfra.sentry.io/simple" }
dependencies = [
    { name = "certifi", marker = "sys_platform == 'darwin' or sys_platform == 'linux'" },
    { name = "urllib3", marker = "sys_platform == 'darwin' or sys_platform == 'linux'" },
]
wheels = [
    { url = "https://pypi.devinfra.sentry.io/wheels/sentry_sdk-2.35.0-py2.py3-none-any.whl", hash = "sha256:6e0c29b9a5d34de8575ffb04d289a987ff3053cf2c98ede445bea995e3830263" },
]

[[package]]
name = "setuptools"
version = "78.1.1"
source = { registry = "https://pypi.devinfra.sentry.io/simple" }
wheels = [
    { url = "https://pypi.devinfra.sentry.io/wheels/setuptools-78.1.1-py3-none-any.whl", hash = "sha256:c3a9c4211ff4c309edb8b8c4f1cbfa7ae324c4ba9f91ff254e3d305b9fd54561" },
]

[[package]]
name = "supervisor"
version = "4.2.5"
source = { registry = "https://pypi.devinfra.sentry.io/simple" }
dependencies = [
    { name = "setuptools", marker = "sys_platform == 'darwin' or sys_platform == 'linux'" },
]
wheels = [
    { url = "https://pypi.devinfra.sentry.io/wheels/supervisor-4.2.5-py2.py3-none-any.whl", hash = "sha256:2ecaede32fc25af814696374b79e42644ecaba5c09494c51016ffda9602d0f08" },
]

[[package]]
name = "types-pyyaml"
version = "6.0.12.20241230"
source = { registry = "https://pypi.devinfra.sentry.io/simple" }
wheels = [
    { url = "https://pypi.devinfra.sentry.io/wheels/types_PyYAML-6.0.12.20241230-py3-none-any.whl", hash = "sha256:fa4d32565219b68e6dee5f67534c722e53c00d1cfc09c435ef04d7353e1e96e6" },
]

[[package]]
name = "typing-extensions"
version = "4.14.1"
source = { registry = "https://pypi.devinfra.sentry.io/simple" }
wheels = [
    { url = "https://pypi.devinfra.sentry.io/wheels/typing_extensions-4.14.1-py3-none-any.whl", hash = "sha256:d1e1e3b58374dc93031d6eda2420a48ea44a36c2b4766a4fdeb3710755731d76" },
]

[[package]]
name = "urllib3"
version = "2.5.0"
source = { registry = "https://pypi.devinfra.sentry.io/simple" }
wheels = [
    { url = "https://pypi.devinfra.sentry.io/wheels/urllib3-2.5.0-py3-none-any.whl", hash = "sha256:e6b01673c0fa6a13e374b50871808eb3bf7046c4b125b216f6bf1cc604cff0dc" },
]

[[package]]
name = "virtualenv"
version = "20.29.3"
source = { registry = "https://pypi.devinfra.sentry.io/simple" }
dependencies = [
    { name = "distlib", marker = "sys_platform == 'darwin' or sys_platform == 'linux'" },
    { name = "filelock", marker = "sys_platform == 'darwin' or sys_platform == 'linux'" },
    { name = "platformdirs", marker = "sys_platform == 'darwin' or sys_platform == 'linux'" },
]
wheels = [
    { url = "https://pypi.devinfra.sentry.io/wheels/virtualenv-20.29.3-py3-none-any.whl", hash = "sha256:3e3d00f5807e83b234dfb6122bf37cfadf4be216c53a49ac059d02414f819170" },
]
