version = 1
revision = 2
requires-python = ">=3.12"
resolution-markers = [
    "sys_platform == 'darwin' or sys_platform == 'linux'",
]
supported-markers = [
    "sys_platform == 'darwin' or sys_platform == 'linux'",
]

[[package]]
name = "certifi"
version = "2025.7.14"
source = { registry = "https://pypi.devinfra.sentry.io/simple" }
wheels = [
    { url = "https://pypi.devinfra.sentry.io/wheels/certifi-2025.7.14-py3-none-any.whl", hash = "sha256:6b31f564a415d79ee77df69d757bb49a5bb53bd9f756cbbe24394ffd6fc1f4b2" },
]

[[package]]
name = "confluent-kafka"
version = "2.8.0"
source = { registry = "https://pypi.devinfra.sentry.io/simple" }
wheels = [
    { url = "https://pypi.devinfra.sentry.io/wheels/confluent_kafka-2.8.0-cp312-cp312-macosx_10_9_x86_64.whl", hash = "sha256:80bf43c098df04008dd6a517a9f745b67885af9c35c09d220f4d19661ae4d647" },
    { url = "https://pypi.devinfra.sentry.io/wheels/confluent_kafka-2.8.0-cp312-cp312-macosx_11_0_arm64.whl", hash = "sha256:3f5e5b18c7acf50777545e817e563b0fa9c74badbabf30474665c03ae8ddcc23" },
    { url = "https://pypi.devinfra.sentry.io/wheels/confluent_kafka-2.8.0-cp312-cp312-manylinux_2_28_aarch64.whl", hash = "sha256:c540935d89acf1bc173fddd0b9b978ece348345f5a0fccf549ea8663cfa5152c" },
    { url = "https://pypi.devinfra.sentry.io/wheels/confluent_kafka-2.8.0-cp312-cp312-manylinux_2_28_x86_64.whl", hash = "sha256:79ae80fd9aa0d71689d7189591faf00354907b728c172f4f97a6d23797972025" },
    { url = "https://pypi.devinfra.sentry.io/wheels/confluent_kafka-2.8.0-cp313-cp313-macosx_13_0_arm64.whl", hash = "sha256:dd3bc67d589dd486d128a159e918ecf3765f8154474edf9f6f701f701de735a1" },
    { url = "https://pypi.devinfra.sentry.io/wheels/confluent_kafka-2.8.0-cp313-cp313-macosx_13_0_x86_64.whl", hash = "sha256:4c0e655df9faef450654700db3fda163ddbc4b68f5bf5c7633cf1bf9d932d892" },
    { url = "https://pypi.devinfra.sentry.io/wheels/confluent_kafka-2.8.0-cp313-cp313-manylinux_2_28_aarch64.whl", hash = "sha256:abff7c4853e2d118563229329ca0a1f148ee5004cbcb9a8dad9dc8e796fcc477" },
    { url = "https://pypi.devinfra.sentry.io/wheels/confluent_kafka-2.8.0-cp313-cp313-manylinux_2_28_x86_64.whl", hash = "sha256:e75230b51456de5cfaefe94c35f3de5101864d8c21518f114d5cd9dd1d7d43b1" },
]

[[package]]
name = "iniconfig"
version = "2.0.0"
source = { registry = "https://pypi.devinfra.sentry.io/simple" }
wheels = [
    { url = "https://pypi.devinfra.sentry.io/wheels/iniconfig-2.0.0-py3-none-any.whl", hash = "sha256:b6a85871a79d2e3b22d2d1b94ac2824226a63c6b741c88f7ae975f18b6778374" },
]

[[package]]
name = "packaging"
version = "25.0"
source = { registry = "https://pypi.devinfra.sentry.io/simple" }
wheels = [
    { url = "https://pypi.devinfra.sentry.io/wheels/packaging-25.0-py3-none-any.whl", hash = "sha256:29572ef2b1f17581046b3a2227d5c611fb25ec70ca1ba8554b24b0e69331a484" },
]

[[package]]
name = "pluggy"
version = "1.5.0"
source = { registry = "https://pypi.devinfra.sentry.io/simple" }
wheels = [
    { url = "https://pypi.devinfra.sentry.io/wheels/pluggy-1.5.0-py3-none-any.whl", hash = "sha256:44e1ad92c8ca002de6377e165f3e0f1be63266ab4d554740532335b9d75ea669" },
]

[[package]]
name = "pytest"
version = "8.3.3"
source = { registry = "https://pypi.devinfra.sentry.io/simple" }
dependencies = [
    { name = "iniconfig", marker = "sys_platform == 'darwin' or sys_platform == 'linux'" },
    { name = "packaging", marker = "sys_platform == 'darwin' or sys_platform == 'linux'" },
    { name = "pluggy", marker = "sys_platform == 'darwin' or sys_platform == 'linux'" },
]
wheels = [
    { url = "https://pypi.devinfra.sentry.io/wheels/pytest-8.3.3-py3-none-any.whl", hash = "sha256:a6853c7375b2663155079443d2e45de913a911a11d669df02a50814944db57b2" },
]

[[package]]
name = "sentry-devenv"
version = "1.22.2"
source = { registry = "https://pypi.devinfra.sentry.io/simple" }
dependencies = [
    { name = "sentry-sdk", marker = "sys_platform == 'darwin' or sys_platform == 'linux'" },
    { name = "typing-extensions", marker = "sys_platform == 'darwin' or sys_platform == 'linux'" },
]
wheels = [
    { url = "https://pypi.devinfra.sentry.io/wheels/sentry_devenv-1.22.2-py3-none-any.whl", hash = "sha256:0ecd7c5793ee44a6fe401991589fae2a53e7d4dd0506d031994a00fe82e22390" },
]

[[package]]
name = "sentry-kafka-management"
version = "0.0.1"
source = { virtual = "." }
dependencies = [
    { name = "confluent-kafka", marker = "sys_platform == 'darwin' or sys_platform == 'linux'" },
]

[package.dev-dependencies]
dev = [
    { name = "pytest", marker = "sys_platform == 'darwin' or sys_platform == 'linux'" },
    { name = "sentry-devenv", marker = "sys_platform == 'darwin' or sys_platform == 'linux'" },
]

[package.metadata]
requires-dist = [{ name = "confluent-kafka", specifier = ">=2.8.0" }]

[package.metadata.requires-dev]
dev = [
    { name = "pytest", specifier = ">=8.1.2" },
    { name = "sentry-devenv", specifier = ">=1.22.2" },
]

[[package]]
name = "sentry-sdk"
version = "2.35.0"
source = { registry = "https://pypi.devinfra.sentry.io/simple" }
dependencies = [
    { name = "certifi", marker = "sys_platform == 'darwin' or sys_platform == 'linux'" },
    { name = "urllib3", marker = "sys_platform == 'darwin' or sys_platform == 'linux'" },
]
wheels = [
    { url = "https://pypi.devinfra.sentry.io/wheels/sentry_sdk-2.35.0-py2.py3-none-any.whl", hash = "sha256:6e0c29b9a5d34de8575ffb04d289a987ff3053cf2c98ede445bea995e3830263" },
]

[[package]]
name = "typing-extensions"
version = "4.14.1"
source = { registry = "https://pypi.devinfra.sentry.io/simple" }
wheels = [
    { url = "https://pypi.devinfra.sentry.io/wheels/typing_extensions-4.14.1-py3-none-any.whl", hash = "sha256:d1e1e3b58374dc93031d6eda2420a48ea44a36c2b4766a4fdeb3710755731d76" },
]

[[package]]
name = "urllib3"
version = "2.5.0"
source = { registry = "https://pypi.devinfra.sentry.io/simple" }
wheels = [
    { url = "https://pypi.devinfra.sentry.io/wheels/urllib3-2.5.0-py3-none-any.whl", hash = "sha256:e6b01673c0fa6a13e374b50871808eb3bf7046c4b125b216f6bf1cc604cff0dc" },
]
